
Microsoft Visual Studio Solution File, Format Version 12.00
# Visual Studio 15
VisualStudioVersion = 15.0.28307.1738
MinimumVisualStudioVersion = 10.0.40219.1
Project("{FAE04EC0-301F-11D3-BF4B-00C04F79EFBC}") = "Builder", "Builder\Builder.csproj", "{8AE3F476-ADC9-4BE2-B5F7-A0A4A1508750}"
EndProject
Project("{FAE04EC0-301F-11D3-BF4B-00C04F79EFBC}") = "FlyWeight", "FlyWeight\FlyWeight.csproj", "{C94F7F92-3D0F-4377-9436-00B1D8446499}"
EndProject
Global
	GlobalSection(SolutionConfigurationPlatforms) = preSolution
		Debug|Any CPU = Debug|Any CPU
		Release|Any CPU = Release|Any CPU
	EndGlobalSection
	GlobalSection(ProjectConfigurationPlatforms) = postSolution
		{8AE3F476-ADC9-4BE2-B5F7-A0A4A1508750}.Debug|Any CPU.ActiveCfg = Debug|Any CPU
		{8AE3F476-ADC9-4BE2-B5F7-A0A4A1508750}.Debug|Any CPU.Build.0 = Debug|Any CPU
		{8AE3F476-ADC9-4BE2-B5F7-A0A4A1508750}.Release|Any CPU.ActiveCfg = Release|Any CPU
		{8AE3F476-ADC9-4BE2-B5F7-A0A4A1508750}.Release|Any CPU.Build.0 = Release|Any CPU
		{C94F7F92-3D0F-4377-9436-00B1D8446499}.Debug|Any CPU.ActiveCfg = Debug|Any CPU
		{C94F7F92-3D0F-4377-9436-00B1D8446499}.Debug|Any CPU.Build.0 = Debug|Any CPU
		{C94F7F92-3D0F-4377-9436-00B1D8446499}.Release|Any CPU.ActiveCfg = Release|Any CPU
		{C94F7F92-3D0F-4377-9436-00B1D8446499}.Release|Any CPU.Build.0 = Release|Any CPU
	EndGlobalSection
	GlobalSection(SolutionProperties) = preSolution
		HideSolutionNode = FALSE
	EndGlobalSection
	GlobalSection(ExtensibilityGlobals) = postSolution
		SolutionGuid = {294AE98B-C188-4116-8190-7C96E6335FE6}
	EndGlobalSection
EndGlobal
