
Microsoft Visual Studio Solution File, Format Version 12.00
# Visual Studio Version 16
VisualStudioVersion = 16.0.33130.400
MinimumVisualStudioVersion = 10.0.40219.1
Project("{FAE04EC0-301F-11D3-BF4B-00C04F79EFBC}") = "Builder", "Builder\Builder.csproj", "{8AE3F476-ADC9-4BE2-B5F7-A0A4A1508750}"
EndProject
Project("{FAE04EC0-301F-11D3-BF4B-00C04F79EFBC}") = "FlyWeight", "FlyWeight\FlyWeight.csproj", "{C94F7F92-3D0F-4377-9436-00B1D8446499}"
EndProject
Project("{FAE04EC0-301F-11D3-BF4B-00C04F79EFBC}") = "Prototype", "Prototype\Prototype.csproj", "{E6C38993-8667-482B-AAD5-FDC2692D5CFF}"
EndProject
Project("{FAE04EC0-301F-11D3-BF4B-00C04F79EFBC}") = "State", "State\State.csproj", "{D93A78CF-663C-4A06-92B8-AADA9DA142AE}"
EndProject
Project("{FAE04EC0-301F-11D3-BF4B-00C04F79EFBC}") = "Iterator", "Iterator\Iterator.csproj", "{4CAA22C4-D7F7-48A3-ABDC-B7B67655A236}"
EndProject
Project("{FAE04EC0-301F-11D3-BF4B-00C04F79EFBC}") = "Strategy", "Strategy\Strategy.csproj", "{83FA7408-A914-46DD-9688-38F57BAEF780}"
EndProject
Project("{FAE04EC0-301F-11D3-BF4B-00C04F79EFBC}") = "Memento", "Memento\Memento.csproj", "{41515541-0483-40F7-ACCE-A8C6AF6D08CD}"
EndProject
Project("{FAE04EC0-301F-11D3-BF4B-00C04F79EFBC}") = "Add", "Observer\Add.csproj", "{96090C22-33C7-4465-8D1E-4E9E6FC6AC3B}"
EndProject
Project("{FAE04EC0-301F-11D3-BF4B-00C04F79EFBC}") = "Add2", "Add2\Add2.csproj", "{2B3B18F6-A209-4969-BC47-C2F24110C667}"
EndProject
Project("{FAE04EC0-301F-11D3-BF4B-00C04F79EFBC}") = "ConsoleApp1", "ConsoleApp1\ConsoleApp1.csproj", "{2F79463A-DBA0-4F2E-965C-B7D1BC9ABD1B}"
EndProject
Project("{FAE04EC0-301F-11D3-BF4B-00C04F79EFBC}") = "ObserverPattern", "ObserverPattern\ObserverPattern.csproj", "{F3276BC2-4171-457B-9E0B-D3DCA9397F91}"
EndProject
Project("{FAE04EC0-301F-11D3-BF4B-00C04F79EFBC}") = "WordProcessorSample", "WordProcessorSample\WordProcessorSample.csproj", "{E7E7FA56-6C06-4F61-A4ED-4A99A72D1CEC}"
EndProject
Project("{FAE04EC0-301F-11D3-BF4B-00C04F79EFBC}") = "WordProcessorBuilderPattern", "WordProcessorBuilderPattern\WordProcessorBuilderPattern.csproj", "{B09C3DD7-A9A2-4769-BB18-3DDE662ACFE9}"
EndProject
Global
	GlobalSection(SolutionConfigurationPlatforms) = preSolution
		Debug|Any CPU = Debug|Any CPU
		Release|Any CPU = Release|Any CPU
	EndGlobalSection
	GlobalSection(ProjectConfigurationPlatforms) = postSolution
		{8AE3F476-ADC9-4BE2-B5F7-A0A4A1508750}.Debug|Any CPU.ActiveCfg = Debug|Any CPU
		{8AE3F476-ADC9-4BE2-B5F7-A0A4A1508750}.Debug|Any CPU.Build.0 = Debug|Any CPU
		{8AE3F476-ADC9-4BE2-B5F7-A0A4A1508750}.Release|Any CPU.ActiveCfg = Release|Any CPU
		{8AE3F476-ADC9-4BE2-B5F7-A0A4A1508750}.Release|Any CPU.Build.0 = Release|Any CPU
		{C94F7F92-3D0F-4377-9436-00B1D8446499}.Debug|Any CPU.ActiveCfg = Debug|Any CPU
		{C94F7F92-3D0F-4377-9436-00B1D8446499}.Debug|Any CPU.Build.0 = Debug|Any CPU
		{C94F7F92-3D0F-4377-9436-00B1D8446499}.Release|Any CPU.ActiveCfg = Release|Any CPU
		{C94F7F92-3D0F-4377-9436-00B1D8446499}.Release|Any CPU.Build.0 = Release|Any CPU
		{E6C38993-8667-482B-AAD5-FDC2692D5CFF}.Debug|Any CPU.ActiveCfg = Debug|Any CPU
		{E6C38993-8667-482B-AAD5-FDC2692D5CFF}.Debug|Any CPU.Build.0 = Debug|Any CPU
		{E6C38993-8667-482B-AAD5-FDC2692D5CFF}.Release|Any CPU.ActiveCfg = Release|Any CPU
		{E6C38993-8667-482B-AAD5-FDC2692D5CFF}.Release|Any CPU.Build.0 = Release|Any CPU
		{D93A78CF-663C-4A06-92B8-AADA9DA142AE}.Debug|Any CPU.ActiveCfg = Debug|Any CPU
		{D93A78CF-663C-4A06-92B8-AADA9DA142AE}.Debug|Any CPU.Build.0 = Debug|Any CPU
		{D93A78CF-663C-4A06-92B8-AADA9DA142AE}.Release|Any CPU.ActiveCfg = Release|Any CPU
		{D93A78CF-663C-4A06-92B8-AADA9DA142AE}.Release|Any CPU.Build.0 = Release|Any CPU
		{4CAA22C4-D7F7-48A3-ABDC-B7B67655A236}.Debug|Any CPU.ActiveCfg = Debug|Any CPU
		{4CAA22C4-D7F7-48A3-ABDC-B7B67655A236}.Debug|Any CPU.Build.0 = Debug|Any CPU
		{4CAA22C4-D7F7-48A3-ABDC-B7B67655A236}.Release|Any CPU.ActiveCfg = Release|Any CPU
		{4CAA22C4-D7F7-48A3-ABDC-B7B67655A236}.Release|Any CPU.Build.0 = Release|Any CPU
		{83FA7408-A914-46DD-9688-38F57BAEF780}.Debug|Any CPU.ActiveCfg = Debug|Any CPU
		{83FA7408-A914-46DD-9688-38F57BAEF780}.Debug|Any CPU.Build.0 = Debug|Any CPU
		{83FA7408-A914-46DD-9688-38F57BAEF780}.Release|Any CPU.ActiveCfg = Release|Any CPU
		{83FA7408-A914-46DD-9688-38F57BAEF780}.Release|Any CPU.Build.0 = Release|Any CPU
		{41515541-0483-40F7-ACCE-A8C6AF6D08CD}.Debug|Any CPU.ActiveCfg = Debug|Any CPU
		{41515541-0483-40F7-ACCE-A8C6AF6D08CD}.Debug|Any CPU.Build.0 = Debug|Any CPU
		{41515541-0483-40F7-ACCE-A8C6AF6D08CD}.Release|Any CPU.ActiveCfg = Release|Any CPU
		{41515541-0483-40F7-ACCE-A8C6AF6D08CD}.Release|Any CPU.Build.0 = Release|Any CPU
		{96090C22-33C7-4465-8D1E-4E9E6FC6AC3B}.Debug|Any CPU.ActiveCfg = Debug|Any CPU
		{96090C22-33C7-4465-8D1E-4E9E6FC6AC3B}.Debug|Any CPU.Build.0 = Debug|Any CPU
		{96090C22-33C7-4465-8D1E-4E9E6FC6AC3B}.Release|Any CPU.ActiveCfg = Release|Any CPU
		{96090C22-33C7-4465-8D1E-4E9E6FC6AC3B}.Release|Any CPU.Build.0 = Release|Any CPU
		{2B3B18F6-A209-4969-BC47-C2F24110C667}.Debug|Any CPU.ActiveCfg = Debug|Any CPU
		{2B3B18F6-A209-4969-BC47-C2F24110C667}.Debug|Any CPU.Build.0 = Debug|Any CPU
		{2B3B18F6-A209-4969-BC47-C2F24110C667}.Release|Any CPU.ActiveCfg = Release|Any CPU
		{2B3B18F6-A209-4969-BC47-C2F24110C667}.Release|Any CPU.Build.0 = Release|Any CPU
		{2F79463A-DBA0-4F2E-965C-B7D1BC9ABD1B}.Debug|Any CPU.ActiveCfg = Debug|Any CPU
		{2F79463A-DBA0-4F2E-965C-B7D1BC9ABD1B}.Debug|Any CPU.Build.0 = Debug|Any CPU
		{2F79463A-DBA0-4F2E-965C-B7D1BC9ABD1B}.Release|Any CPU.ActiveCfg = Release|Any CPU
		{2F79463A-DBA0-4F2E-965C-B7D1BC9ABD1B}.Release|Any CPU.Build.0 = Release|Any CPU
		{F3276BC2-4171-457B-9E0B-D3DCA9397F91}.Debug|Any CPU.ActiveCfg = Debug|Any CPU
		{F3276BC2-4171-457B-9E0B-D3DCA9397F91}.Debug|Any CPU.Build.0 = Debug|Any CPU
		{F3276BC2-4171-457B-9E0B-D3DCA9397F91}.Release|Any CPU.ActiveCfg = Release|Any CPU
		{F3276BC2-4171-457B-9E0B-D3DCA9397F91}.Release|Any CPU.Build.0 = Release|Any CPU
		{E7E7FA56-6C06-4F61-A4ED-4A99A72D1CEC}.Debug|Any CPU.ActiveCfg = Debug|Any CPU
		{E7E7FA56-6C06-4F61-A4ED-4A99A72D1CEC}.Debug|Any CPU.Build.0 = Debug|Any CPU
		{E7E7FA56-6C06-4F61-A4ED-4A99A72D1CEC}.Release|Any CPU.ActiveCfg = Release|Any CPU
		{E7E7FA56-6C06-4F61-A4ED-4A99A72D1CEC}.Release|Any CPU.Build.0 = Release|Any CPU
		{B09C3DD7-A9A2-4769-BB18-3DDE662ACFE9}.Debug|Any CPU.ActiveCfg = Debug|Any CPU
		{B09C3DD7-A9A2-4769-BB18-3DDE662ACFE9}.Debug|Any CPU.Build.0 = Debug|Any CPU
		{B09C3DD7-A9A2-4769-BB18-3DDE662ACFE9}.Release|Any CPU.ActiveCfg = Release|Any CPU
		{B09C3DD7-A9A2-4769-BB18-3DDE662ACFE9}.Release|Any CPU.Build.0 = Release|Any CPU
	EndGlobalSection
	GlobalSection(SolutionProperties) = preSolution
		HideSolutionNode = FALSE
	EndGlobalSection
	GlobalSection(ExtensibilityGlobals) = postSolution
		SolutionGuid = {294AE98B-C188-4116-8190-7C96E6335FE6}
	EndGlobalSection
EndGlobal
